
Microsoft Visual Studio Solution File, Format Version 12.00
# Visual Studio 15
VisualStudioVersion = 15.0.28307.1259
MinimumVisualStudioVersion = 10.0.40219.1
Project("{8BC9CEB8-8B4A-11D0-8D11-00A0C91BC942}") = "maopao", "maopao\maopao.vcxproj", "{E117B71E-8A6D-4663-BB0E-5FB6C7287933}"
EndProject
Global
	GlobalSection(SolutionConfigurationPlatforms) = preSolution
		Debug|x64 = Debug|x64
		Debug|x86 = Debug|x86
		Release|x64 = Release|x64
		Release|x86 = Release|x86
	EndGlobalSection
	GlobalSection(ProjectConfigurationPlatforms) = postSolution
		{E117B71E-8A6D-4663-BB0E-5FB6C7287933}.Debug|x64.ActiveCfg = Debug|x64
		{E117B71E-8A6D-4663-BB0E-5FB6C7287933}.Debug|x64.Build.0 = Debug|x64
		{E117B71E-8A6D-4663-BB0E-5FB6C7287933}.Debug|x86.ActiveCfg = Debug|Win32
		{E117B71E-8A6D-4663-BB0E-5FB6C7287933}.Debug|x86.Build.0 = Debug|Win32
		{E117B71E-8A6D-4663-BB0E-5FB6C7287933}.Release|x64.ActiveCfg = Release|x64
		{E117B71E-8A6D-4663-BB0E-5FB6C7287933}.Release|x64.Build.0 = Release|x64
		{E117B71E-8A6D-4663-BB0E-5FB6C7287933}.Release|x86.ActiveCfg = Release|Win32
		{E117B71E-8A6D-4663-BB0E-5FB6C7287933}.Release|x86.Build.0 = Release|Win32
	EndGlobalSection
	GlobalSection(SolutionProperties) = preSolution
		HideSolutionNode = FALSE
	EndGlobalSection
	GlobalSection(ExtensibilityGlobals) = postSolution
		SolutionGuid = {D8EC6DD4-85DA-48F6-8568-8CA476CD355E}
	EndGlobalSection
EndGlobal
